github.com/alecthomas/kong v0.9.0/go.mod h1:Y47y5gKfHp1hDc7CH7OeXgLIpp+Q2m1Ni0L5s3bI8Os=
github.com/alexflint/go-arg v1.5.0 h1:rwMKGiaQuRbXfZNyRUvIfke63QvOBt1/QTshlGQHohM=
github.com/alexflint/go-arg v1.5.0/go.mod h1:A7vTJzvjoaSTypg4biM5uYNTkJ27SkNTArtYXnlqVO8=
github.com/alexflint/go-scalar v1.2.0 h1:WR7JPKkeNpnYIOfHRa7ivM21aWAdHD0gEWHCx+WQBRw=
github.com/alexflint/go-scalar v1.2.0/go.mod h1:LoFvNMqS1CPrMVltza4LvnGKhaSpc3oyLEBUZVhhS2o=
github.com/davecgh/go-spew v1.1.1/go.mod h1:J7Y8YcW2NihsgmVo/mv3lAwl/skON4iLHjSsI+c5H38=
github.com/pmezard/go-difflib v1.0.0/go.mod h1:iKH77koFhYxTK1pcRnkKkqfTogsbg7gZNVY4sRDYZ/4=
github.com/stretchr/testify v1.2.2/go.mod h1:a8OnRcib4nhh0OaRAV+Yts87kKdq0PP7pXfy6kDkUVs=
mvdan.cc/sh/v3 v3.8.0 h1:ZxuJipLZwr/HLbASonmXtcvvC9HXY9d2lXZHnKGjFc8=
mvdan.cc/sh/v3 v3.8.0/go.mod h1:w04623xkgBVo7/IUK89E0g8hBykgEpN0vgOj3RJr6MY=
